
Microsoft Visual Studio Solution File, Format Version 12.00
# Visual Studio 2013
VisualStudioVersion = 12.0.21005.1
MinimumVisualStudioVersion = 10.0.40219.1
Project("{FAE04EC0-301F-11D3-BF4B-00C04F79EFBC}") = "CosLab3", "CosLab3\CosLab3.csproj", "{30F8E5D6-1B46-4BE1-8010-5F492E8891FC}"
EndProject
Global
	GlobalSection(SolutionConfigurationPlatforms) = preSolution
		Debug|Any CPU = Debug|Any CPU
		Release|Any CPU = Release|Any CPU
	EndGlobalSection
	GlobalSection(ProjectConfigurationPlatforms) = postSolution
		{30F8E5D6-1B46-4BE1-8010-5F492E8891FC}.Debug|Any CPU.ActiveCfg = Debug|Any CPU
		{30F8E5D6-1B46-4BE1-8010-5F492E8891FC}.Debug|Any CPU.Build.0 = Debug|Any CPU
		{30F8E5D6-1B46-4BE1-8010-5F492E8891FC}.Release|Any CPU.ActiveCfg = Release|Any CPU
		{30F8E5D6-1B46-4BE1-8010-5F492E8891FC}.Release|Any CPU.Build.0 = Release|Any CPU
	EndGlobalSection
	GlobalSection(SolutionProperties) = preSolution
		HideSolutionNode = FALSE
	EndGlobalSection
EndGlobal
